Microsoft Visual Studio Solution File, Format Version 9.00
# Visual Studio 2005
Project("{FAE04EC0-301F-11D3-BF4B-00C04F79EFBC}") = "NUnitResults", "NUnitResults.csproj", "{C9E758A6-82AF-488B-AA99-CA2916D0E482}"
EndProject
Global
	GlobalSection(SolutionConfigurationPlatforms) = preSolution
		Debug|Any CPU = Debug|Any CPU
		Release|Any CPU = Release|Any CPU
	EndGlobalSection
	GlobalSection(ProjectConfigurationPlatforms) = postSolution
		{C9E758A6-82AF-488B-AA99-CA2916D0E482}.Debug|Any CPU.ActiveCfg = Debug|Any CPU
		{C9E758A6-82AF-488B-AA99-CA2916D0E482}.Debug|Any CPU.Build.0 = Debug|Any CPU
		{C9E758A6-82AF-488B-AA99-CA2916D0E482}.Release|Any CPU.ActiveCfg = Release|Any CPU
		{C9E758A6-82AF-488B-AA99-CA2916D0E482}.Release|Any CPU.Build.0 = Release|Any CPU
	EndGlobalSection
	GlobalSection(SolutionProperties) = preSolution
		HideSolutionNode = FALSE
	EndGlobalSection
EndGlobal
